
Microsoft Visual Studio Solution File, Format Version 11.00
# Visual Studio 2010
Project("{FAE04EC0-301F-11D3-BF4B-00C04F79EFBC}") = "BikeManager", "BikeManager\BikeManager.csproj", "{079546E5-BFAA-4C3B-B575-E76B503DAC8B}"
EndProject
Global
	GlobalSection(SourceCodeControl) = preSolution
		SccNumberOfProjects = 2
		SccLocalPath0 = .
		SccProjectUniqueName1 = BikeManager\\BikeManager.csproj
		SccLocalPath1 = .
		SccProjectFilePathRelativizedFromConnection1 = BikeManager\\
	EndGlobalSection
	GlobalSection(SolutionConfigurationPlatforms) = preSolution
		Debug|x86 = Debug|x86
		Release|x86 = Release|x86
	EndGlobalSection
	GlobalSection(ProjectConfigurationPlatforms) = postSolution
		{079546E5-BFAA-4C3B-B575-E76B503DAC8B}.Debug|x86.ActiveCfg = Debug|x86
		{079546E5-BFAA-4C3B-B575-E76B503DAC8B}.Debug|x86.Build.0 = Debug|x86
		{079546E5-BFAA-4C3B-B575-E76B503DAC8B}.Release|x86.ActiveCfg = Release|x86
		{079546E5-BFAA-4C3B-B575-E76B503DAC8B}.Release|x86.Build.0 = Release|x86
	EndGlobalSection
	GlobalSection(SolutionProperties) = preSolution
		HideSolutionNode = FALSE
	EndGlobalSection
EndGlobal
